// !$*UTF8*$!
{
	archiveVersion = 1;
	classes = {
	};
	objectVersion = 55;
	objects = {

/* Begin PBXBuildFile section */
		3A7459CE2A648BC900189F1E /* Tennis_TVApp.swift in Sources */ = {isa = PBXBuildFile; fileRef = 3A7459CD2A648BC900189F1E /* Tennis_TVApp.swift */; };
		3A7459D02A648BC900189F1E /* ContentView.swift in Sources */ = {isa = PBXBuildFile; fileRef = 3A7459CF2A648BC900189F1E /* ContentView.swift */; };
		3A7459D22A648BCB00189F1E /* Assets.xcassets in Resources */ = {isa = PBXBuildFile; fileRef = 3A7459D12A648BCB00189F1E /* Assets.xcassets */; };
		3A7459D52A648BCB00189F1E /* Preview Assets.xcassets in Resources */ = {isa = PBXBuildFile; fileRef = 3A7459D42A648BCB00189F1E /* Preview Assets.xcassets */; };
		3A7459DF2A648BCB00189F1E /* Tennis_TVTests.swift in Sources */ = {isa = PBXBuildFile; fileRef = 3A7459DE2A648BCB00189F1E /* Tennis_TVTests.swift */; };
		3A7459E92A648BCB00189F1E /* Tennis_TVUITests.swift in Sources */ = {isa = PBXBuildFile; fileRef = 3A7459E82A648BCB00189F1E /* Tennis_TVUITests.swift */; };
		3A7459EB2A648BCB00189F1E /* Tennis_TVUITestsLaunchTests.swift in Sources */ = {isa = PBXBuildFile; fileRef = 3A7459EA2A648BCB00189F1E /* Tennis_TVUITestsLaunchTests.swift */; };
		3A7459F82A648BE500189F1E /* Player.swift in Sources */ = {isa = PBXBuildFile; fileRef = 3A7459F72A648BE500189F1E /* Player.swift */; };
		3A7459FA2A64961600189F1E /* PlayerDetail.swift in Sources */ = {isa = PBXBuildFile; fileRef = 3A7459F92A64961600189F1E /* PlayerDetail.swift */; };
/* End PBXBuildFile section */

/* Begin PBXContainerItemProxy section */
		3A7459DB2A648BCB00189F1E /* PBXContainerItemProxy */ = {
			isa = PBXContainerItemProxy;
			containerPortal = 3A7459C22A648BC900189F1E /* Project object */;
			proxyType = 1;
			remoteGlobalIDString = 3A7459C92A648BC900189F1E;
			remoteInfo = Tennis_TV;
		};
		3A7459E52A648BCB00189F1E /* PBXContainerItemProxy */ = {
			isa = PBXContainerItemProxy;
			containerPortal = 3A7459C22A648BC900189F1E /* Project object */;
			proxyType = 1;
			remoteGlobalIDString = 3A7459C92A648BC900189F1E;
			remoteInfo = Tennis_TV;
		};
/* End PBXContainerItemProxy section */

/* Begin PBXFileReference section */
		3A7459CA2A648BC900189F1E /* Tennis_TV.app */ = {isa = PBXFileReference; explicitFileType = wrapper.application; includeInIndex = 0; path = Tennis_TV.app; sourceTree = BUILT_PRODUCTS_DIR; };
		3A7459CD2A648BC900189F1E /* Tennis_TVApp.swift */ = {isa = PBXFileReference; lastKnownFileType = sourcecode.swift; path = Tennis_TVApp.swift; sourceTree = "<group>"; };
		3A7459CF2A648BC900189F1E /* ContentView.swift */ = {isa = PBXFileReference; lastKnownFileType = sourcecode.swift; path = ContentView.swift; sourceTree = "<group>"; };
		3A7459D12A648BCB00189F1E /* Assets.xcassets */ = {isa = PBXFileReference; lastKnownFileType = folder.assetcatalog; path = Assets.xcassets; sourceTree = "<group>"; };
		3A7459D42A648BCB00189F1E /* Preview Assets.xcassets */ = {isa = PBXFileReference; lastKnownFileType = folder.assetcatalog; path = "Preview Assets.xcassets"; sourceTree = "<group>"; };
		3A7459DA2A648BCB00189F1E /* Tennis_TVTests.xctest */ = {isa = PBXFileReference; explicitFileType = wrapper.cfbundle; includeInIndex = 0; path = Tennis_TVTests.xctest; sourceTree = BUILT_PRODUCTS_DIR; };
		3A7459DE2A648BCB00189F1E /* Tennis_TVTests.swift */ = {isa = PBXFileReference; lastKnownFileType = sourcecode.swift; path = Tennis_TVTests.swift; sourceTree = "<group>"; };
		3A7459E42A648BCB00189F1E /* Tennis_TVUITests.xctest */ = {isa = PBXFileReference; explicitFileType = wrapper.cfbundle; includeInIndex = 0; path = Tennis_TVUITests.xctest; sourceTree = BUILT_PRODUCTS_DIR; };
		3A7459E82A648BCB00189F1E /* Tennis_TVUITests.swift */ = {isa = PBXFileReference; lastKnownFileType = sourcecode.swift; path = Tennis_TVUITests.swift; sourceTree = "<group>"; };
		3A7459EA2A648BCB00189F1E /* Tennis_TVUITestsLaunchTests.swift */ = {isa = PBXFileReference; lastKnownFileType = sourcecode.swift; path = Tennis_TVUITestsLaunchTests.swift; sourceTree = "<group>"; };
		3A7459F72A648BE500189F1E /* Player.swift */ = {isa = PBXFileReference; fileEncoding = 4; lastKnownFileType = sourcecode.swift; path = Player.swift; sourceTree = "<group>"; };
		3A7459F92A64961600189F1E /* PlayerDetail.swift */ = {isa = PBXFileReference; lastKnownFileType = sourcecode.swift; path = PlayerDetail.swift; sourceTree = "<group>"; };
/* End PBXFileReference section */

/* Begin PBXFrameworksBuildPhase section */
		3A7459C72A648BC900189F1E /* Frameworks */ = {
			isa = PBXFrameworksBuildPhase;
			buildActionMask = 2147483647;
			files = (
			);
			runOnlyForDeploymentPostprocessing = 0;
		};
		3A7459D72A648BCB00189F1E /* Frameworks */ = {
			isa = PBXFrameworksBuildPhase;
			buildActionMask = 2147483647;
			files = (
			);
			runOnlyForDeploymentPostprocessing = 0;
		};
		3A7459E12A648BCB00189F1E /* Frameworks */ = {
			isa = PBXFrameworksBuildPhase;
			buildActionMask = 2147483647;
			files = (
			);
			runOnlyForDeploymentPostprocessing = 0;
		};
/* End PBXFrameworksBuildPhase section */

/* Begin PBXGroup section */
		3A7459C12A648BC900189F1E = {
			isa = PBXGroup;
			children = (
				3A7459CC2A648BC900189F1E /* Tennis_TV */,
				3A7459DD2A648BCB00189F1E /* Tennis_TVTests */,
				3A7459E72A648BCB00189F1E /* Tennis_TVUITests */,
				3A7459CB2A648BC900189F1E /* Products */,
			);
			sourceTree = "<group>";
		};
		3A7459CB2A648BC900189F1E /* Products */ = {
			isa = PBXGroup;
			children = (
				3A7459CA2A648BC900189F1E /* Tennis_TV.app */,
				3A7459DA2A648BCB00189F1E /* Tennis_TVTests.xctest */,
				3A7459E42A648BCB00189F1E /* Tennis_TVUITests.xctest */,
			);
			name = Products;
			sourceTree = "<group>";
		};
		3A7459CC2A648BC900189F1E /* Tennis_TV */ = {
			isa = PBXGroup;
			children = (
				3A7459CD2A648BC900189F1E /* Tennis_TVApp.swift */,
				3A7459F72A648BE500189F1E /* Player.swift */,
				3A7459CF2A648BC900189F1E /* ContentView.swift */,
				3A7459F92A64961600189F1E /* PlayerDetail.swift */,
				3A7459D12A648BCB00189F1E /* Assets.xcassets */,
				3A7459D32A648BCB00189F1E /* Preview Content */,
			);
			path = Tennis_TV;
			sourceTree = "<group>";
		};
		3A7459D32A648BCB00189F1E /* Preview Content */ = {
			isa = PBXGroup;
			children = (
				3A7459D42A648BCB00189F1E /* Preview Assets.xcassets */,
			);
			path = "Preview Content";
			sourceTree = "<group>";
		};
		3A7459DD2A648BCB00189F1E /* Tennis_TVTests */ = {
			isa = PBXGroup;
			children = (
				3A7459DE2A648BCB00189F1E /* Tennis_TVTests.swift */,
			);
			path = Tennis_TVTests;
			sourceTree = "<group>";
		};
		3A7459E72A648BCB00189F1E /* Tennis_TVUITests */ = {
			isa = PBXGroup;
			children = (
				3A7459E82A648BCB00189F1E /* Tennis_TVUITests.swift */,
				3A7459EA2A648BCB00189F1E /* Tennis_TVUITestsLaunchTests.swift */,
			);
			path = Tennis_TVUITests;
			sourceTree = "<group>";
		};
/* End PBXGroup section */

/* Begin PBXNativeTarget section */
		3A7459C92A648BC900189F1E /* Tennis_TV */ = {
			isa = PBXNativeTarget;
			buildConfigurationList = 3A7459EE2A648BCB00189F1E /* Build configuration list for PBXNativeTarget "Tennis_TV" */;
			buildPhases = (
				3A7459C62A648BC900189F1E /* Sources */,
				3A7459C72A648BC900189F1E /* Frameworks */,
				3A7459C82A648BC900189F1E /* Resources */,
			);
			buildRules = (
			);
			dependencies = (
			);
			name = Tennis_TV;
			productName = Tennis_TV;
			productReference = 3A7459CA2A648BC900189F1E /* Tennis_TV.app */;
			productType = "com.apple.product-type.application";
		};
		3A7459D92A648BCB00189F1E /* Tennis_TVTests */ = {
			isa = PBXNativeTarget;
			buildConfigurationList = 3A7459F12A648BCB00189F1E /* Build configuration list for PBXNativeTarget "Tennis_TVTests" */;
			buildPhases = (
				3A7459D62A648BCB00189F1E /* Sources */,
				3A7459D72A648BCB00189F1E /* Frameworks */,
				3A7459D82A648BCB00189F1E /* Resources */,
			);
			buildRules = (
			);
			dependencies = (
				3A7459DC2A648BCB00189F1E /* PBXTargetDependency */,
			);
			name = Tennis_TVTests;
			productName = Tennis_TVTests;
			productReference = 3A7459DA2A648BCB00189F1E /* Tennis_TVTests.xctest */;
			productType = "com.apple.product-type.bundle.unit-test";
		};
		3A7459E32A648BCB00189F1E /* Tennis_TVUITests */ = {
			isa = PBXNativeTarget;
			buildConfigurationList = 3A7459F42A648BCB00189F1E /* Build configuration list for PBXNativeTarget "Tennis_TVUITests" */;
			buildPhases = (
				3A7459E02A648BCB00189F1E /* Sources */,
				3A7459E12A648BCB00189F1E /* Frameworks */,
				3A7459E22A648BCB00189F1E /* Resources */,
			);
			buildRules = (
			);
			dependencies = (
				3A7459E62A648BCB00189F1E /* PBXTargetDependency */,
			);
			name = Tennis_TVUITests;
			productName = Tennis_TVUITests;
			productReference = 3A7459E42A648BCB00189F1E /* Tennis_TVUITests.xctest */;
			productType = "com.apple.product-type.bundle.ui-testing";
		};
/* End PBXNativeTarget section */

/* Begin PBXProject section */
		3A7459C22A648BC900189F1E /* Project object */ = {
			isa = PBXProject;
			attributes = {
				BuildIndependentTargetsInParallel = 1;
				LastSwiftUpdateCheck = 1340;
				LastUpgradeCheck = 1340;
				TargetAttributes = {
					3A7459C92A648BC900189F1E = {
						CreatedOnToolsVersion = 13.4.1;
					};
					3A7459D92A648BCB00189F1E = {
						CreatedOnToolsVersion = 13.4.1;
						TestTargetID = 3A7459C92A648BC900189F1E;
					};
					3A7459E32A648BCB00189F1E = {
						CreatedOnToolsVersion = 13.4.1;
						TestTargetID = 3A7459C92A648BC900189F1E;
					};
				};
			};
			buildConfigurationList = 3A7459C52A648BC900189F1E /* Build configuration list for PBXProject "Tennis_TV" */;
			compatibilityVersion = "Xcode 13.0";
			developmentRegion = en;
			hasScannedForEncodings = 0;
			knownRegions = (
				en,
				Base,
			);
			mainGroup = 3A7459C12A648BC900189F1E;
			productRefGroup = 3A7459CB2A648BC900189F1E /* Products */;
			projectDirPath = "";
			projectRoot = "";
			targets = (
				3A7459C92A648BC900189F1E /* Tennis_TV */,
				3A7459D92A648BCB00189F1E /* Tennis_TVTests */,
				3A7459E32A648BCB00189F1E /* Tennis_TVUITests */,
			);
		};
/* End PBXProject section */

/* Begin PBXResourcesBuildPhase section */
		3A7459C82A648BC900189F1E /* Resources */ = {
			isa = PBXResourcesBuildPhase;
			buildActionMask = 2147483647;
			files = (
				3A7459D52A648BCB00189F1E /* Preview Assets.xcassets in Resources */,
				3A7459D22A648BCB00189F1E /* Assets.xcassets in Resources */,
			);
			runOnlyForDeploymentPostprocessing = 0;
		};
		3A7459D82A648BCB00189F1E /* Resources */ = {
			isa = PBXResourcesBuildPhase;
			buildActionMask = 2147483647;
			files = (
			);
			runOnlyForDeploymentPostprocessing = 0;
		};
		3A7459E22A648BCB00189F1E /* Resources */ = {
			isa = PBXResourcesBuildPhase;
			buildActionMask = 2147483647;
			files = (
			);
			runOnlyForDeploymentPostprocessing = 0;
		};
/* End PBXResourcesBuildPhase section */

/* Begin PBXSourcesBuildPhase section */
		3A7459C62A648BC900189F1E /* Sources */ = {
			isa = PBXSourcesBuildPhase;
			buildActionMask = 2147483647;
			files = (
				3A7459D02A648BC900189F1E /* ContentView.swift in Sources */,
				3A7459FA2A64961600189F1E /* PlayerDetail.swift in Sources */,
				3A7459F82A648BE500189F1E /* Player.swift in Sources */,
				3A7459CE2A648BC900189F1E /* Tennis_TVApp.swift in Sources */,
			);
			runOnlyForDeploymentPostprocessing = 0;
		};
		3A7459D62A648BCB00189F1E /* Sources */ = {
			isa = PBXSourcesBuildPhase;
			buildActionMask = 2147483647;
			files = (
				3A7459DF2A648BCB00189F1E /* Tennis_TVTests.swift in Sources */,
			);
			runOnlyForDeploymentPostprocessing = 0;
		};
		3A7459E02A648BCB00189F1E /* Sources */ = {
			isa = PBXSourcesBuildPhase;
			buildActionMask = 2147483647;
			files = (
				3A7459E92A648BCB00189F1E /* Tennis_TVUITests.swift in Sources */,
				3A7459EB2A648BCB00189F1E /* Tennis_TVUITestsLaunchTests.swift in Sources */,
			);
			runOnlyForDeploymentPostprocessing = 0;
		};
/* End PBXSourcesBuildPhase section */

/* Begin PBXTargetDependency section */
		3A7459DC2A648BCB00189F1E /* PBXTargetDependency */ = {
			isa = PBXTargetDependency;
			target = 3A7459C92A648BC900189F1E /* Tennis_TV */;
			targetProxy = 3A7459DB2A648BCB00189F1E /* PBXContainerItemProxy */;
		};
		3A7459E62A648BCB00189F1E /* PBXTargetDependency */ = {
			isa = PBXTargetDependency;
			target = 3A7459C92A648BC900189F1E /* Tennis_TV */;
			targetProxy = 3A7459E52A648BCB00189F1E /* PBXContainerItemProxy */;
		};
/* End PBXTargetDependency section */

/* Begin XCBuildConfiguration section */
		3A7459EC2A648BCB00189F1E /* Debug */ = {
			isa = XCBuildConfiguration;
			buildSettings = {
				ALWAYS_SEARCH_USER_PATHS = NO;
				CLANG_ANALYZER_NONNULL = YES;
				CLANG_ANALYZER_NUMBER_OBJECT_CONVERSION = YES_AGGRESSIVE;
				CLANG_CXX_LANGUAGE_STANDARD = "gnu++17";
				CLANG_ENABLE_MODULES = YES;
				CLANG_ENABLE_OBJC_ARC = YES;
				CLANG_ENABLE_OBJC_WEAK = YES;
				CLANG_WARN_BLOCK_CAPTURE_AUTORELEASING = YES;
				CLANG_WARN_BOOL_CONVERSION = YES;
				CLANG_WARN_COMMA = YES;
				CLANG_WARN_CONSTANT_CONVERSION = YES;
				CLANG_WARN_DEPRECATED_OBJC_IMPLEMENTATIONS = YES;
				CLANG_WARN_DIRECT_OBJC_ISA_USAGE = YES_ERROR;
				CLANG_WARN_DOCUMENTATION_COMMENTS = YES;
				CLANG_WARN_EMPTY_BODY = YES;
				CLANG_WARN_ENUM_CONVERSION = YES;
				CLANG_WARN_INFINITE_RECURSION = YES;
				CLANG_WARN_INT_CONVERSION = YES;
				CLANG_WARN_NON_LITERAL_NULL_CONVERSION = YES;
				CLANG_WARN_OBJC_IMPLICIT_RETAIN_SELF = YES;
				CLANG_WARN_OBJC_LITERAL_CONVERSION = YES;
				CLANG_WARN_OBJC_ROOT_CLASS = YES_ERROR;
				CLANG_WARN_QUOTED_INCLUDE_IN_FRAMEWORK_HEADER = YES;
				CLANG_WARN_RANGE_LOOP_ANALYSIS = YES;
				CLANG_WARN_STRICT_PROTOTYPES = YES;
				CLANG_WARN_SUSPICIOUS_MOVE = YES;
				CLANG_WARN_UNGUARDED_AVAILABILITY = YES_AGGRESSIVE;
				CLANG_WARN_UNREACHABLE_CODE = YES;
				CLANG_WARN__DUPLICATE_METHOD_MATCH = YES;
				COPY_PHASE_STRIP = NO;
				DEBUG_INFORMATION_FORMAT = dwarf;
				ENABLE_STRICT_OBJC_MSGSEND = YES;
				ENABLE_TESTABILITY = YES;
				GCC_C_LANGUAGE_STANDARD = gnu11;
				GCC_DYNAMIC_NO_PIC = NO;
				GCC_NO_COMMON_BLOCKS = YES;
				GCC_OPTIMIZATION_LEVEL = 0;
				GCC_PREPROCESSOR_DEFINITIONS = (
					"DEBUG=1",
					"$(inherited)",
				);
				GCC_WARN_64_TO_32_BIT_CONVERSION = YES;
				GCC_WARN_ABOUT_RETURN_TYPE = YES_ERROR;
				GCC_WARN_UNDECLARED_SELECTOR = YES;
				GCC_WARN_UNINITIALIZED_AUTOS = YES_AGGRESSIVE;
				GCC_WARN_UNUSED_FUNCTION = YES;
				GCC_WARN_UNUSED_VARIABLE = YES;
				IPHONEOS_DEPLOYMENT_TARGET = 15.5;
				MTL_ENABLE_DEBUG_INFO = INCLUDE_SOURCE;
				MTL_FAST_MATH = YES;
				ONLY_ACTIVE_ARCH = YES;
				SDKROOT = iphoneos;
				SWIFT_ACTIVE_COMPILATION_CONDITIONS = DEBUG;
				SWIFT_OPTIMIZATION_LEVEL = "-Onone";
			};
			name = Debug;
		};
		3A7459ED2A648BCB00189F1E /* Release */ = {
			isa = XCBuildConfiguration;
			buildSettings = {
				ALWAYS_SEARCH_USER_PATHS = NO;
				CLANG_ANALYZER_NONNULL = YES;
				CLANG_ANALYZER_NUMBER_OBJECT_CONVERSION = YES_AGGRESSIVE;
				CLANG_CXX_LANGUAGE_STANDARD = "gnu++17";
				CLANG_ENABLE_MODULES = YES;
				CLANG_ENABLE_OBJC_ARC = YES;
				CLANG_ENABLE_OBJC_WEAK = YES;
				CLANG_WARN_BLOCK_CAPTURE_AUTORELEASING = YES;
				CLANG_WARN_BOOL_CONVERSION = YES;
				CLANG_WARN_COMMA = YES;
				CLANG_WARN_CONSTANT_CONVERSION = YES;
				CLANG_WARN_DEPRECATED_OBJC_IMPLEMENTATIONS = YES;
				CLANG_WARN_DIRECT_OBJC_ISA_USAGE = YES_ERROR;
				CLANG_WARN_DOCUMENTATION_COMMENTS = YES;
				CLANG_WARN_EMPTY_BODY = YES;
				CLANG_WARN_ENUM_CONVERSION = YES;
				CLANG_WARN_INFINITE_RECURSION = YES;
				CLANG_WARN_INT_CONVERSION = YES;
				CLANG_WARN_NON_LITERAL_NULL_CONVERSION = YES;
				CLANG_WARN_OBJC_IMPLICIT_RETAIN_SELF = YES;
				CLANG_WARN_OBJC_LITERAL_CONVERSION = YES;
				CLANG_WARN_OBJC_ROOT_CLASS = YES_ERROR;
				CLANG_WARN_QUOTED_INCLUDE_IN_FRAMEWORK_HEADER = YES;
				CLANG_WARN_RANGE_LOOP_ANALYSIS = YES;
				CLANG_WARN_STRICT_PROTOTYPES = YES;
				CLANG_WARN_SUSPICIOUS_MOVE = YES;
				CLANG_WARN_UNGUARDED_AVAILABILITY = YES_AGGRESSIVE;
				CLANG_WARN_UNREACHABLE_CODE = YES;
				CLANG_WARN__DUPLICATE_METHOD_MATCH = YES;
				COPY_PHASE_STRIP = NO;
				DEBUG_INFORMATION_FORMAT = "dwarf-with-dsym";
				ENABLE_NS_ASSERTIONS = NO;
				ENABLE_STRICT_OBJC_MSGSEND = YES;
				GCC_C_LANGUAGE_STANDARD = gnu11;
				GCC_NO_COMMON_BLOCKS = YES;
				GCC_WARN_64_TO_32_BIT_CONVERSION = YES;
				GCC_WARN_ABOUT_RETURN_TYPE = YES_ERROR;
				GCC_WARN_UNDECLARED_SELECTOR = YES;
				GCC_WARN_UNINITIALIZED_AUTOS = YES_AGGRESSIVE;
				GCC_WARN_UNUSED_FUNCTION = YES;
				GCC_WARN_UNUSED_VARIABLE = YES;
				IPHONEOS_DEPLOYMENT_TARGET = 15.5;
				MTL_ENABLE_DEBUG_INFO = NO;
				MTL_FAST_MATH = YES;
				SDKROOT = iphoneos;
				SWIFT_COMPILATION_MODE = wholemodule;
				SWIFT_OPTIMIZATION_LEVEL = "-O";
				VALIDATE_PRODUCT = YES;
			};
			name = Release;
		};
		3A7459EF2A648BCB00189F1E /* Debug */ = {
			isa = XCBuildConfiguration;
			buildSettings = {
				ASSETCATALOG_COMPILER_APPICON_NAME = AppIcon;
				ASSETCATALOG_COMPILER_GLOBAL_ACCENT_COLOR_NAME = AccentColor;
				CODE_SIGN_STYLE = Automatic;
				CURRENT_PROJECT_VERSION = 1;
				DEVELOPMENT_ASSET_PATHS = "\"Tennis_TV/Preview Content\"";
				ENABLE_PREVIEWS = YES;
				GENERATE_INFOPLIST_FILE = YES;
				INFOPLIST_KEY_UIApplicationSceneManifest_Generation = YES;
				INFOPLIST_KEY_UIApplicationSupportsIndirectInputEvents = YES;
				INFOPLIST_KEY_UILaunchScreen_Generation = YES;
				INFOPLIST_KEY_UISupportedInterfaceOrientations_iPad = "UIInterfaceOrientationPortrait UIInterfaceOrientationPortraitUpsideDown UIInterfaceOrientationLandscapeLeft UIInterfaceOrientationLandscapeRight";
				INFOPLIST_KEY_UISupportedInterfaceOrientations_iPhone = "UIInterfaceOrientationPortrait UIInterfaceOrientationLandscapeLeft UIInterfaceOrientationLandscapeRight";
				LD_RUNPATH_SEARCH_PATHS = (
					"$(inherited)",
					"@executable_path/Frameworks",
				);
				MARKETING_VERSION = 1.0;
				PRODUCT_BUNDLE_IDENTIFIER = "com.nkc.com.Tennis-TV";
				PRODUCT_NAME = "$(TARGET_NAME)";
				SWIFT_EMIT_LOC_STRINGS = YES;
				SWIFT_VERSION = 5.0;
				TARGETED_DEVICE_FAMILY = "1,2";
			};
			name = Debug;
		};
		3A7459F02A648BCB00189F1E /* Release */ = {
			isa = XCBuildConfiguration;
			buildSettings = {
				ASSETCATALOG_COMPILER_APPICON_NAME = AppIcon;
				ASSETCATALOG_COMPILER_GLOBAL_ACCENT_COLOR_NAME = AccentColor;
				CODE_SIGN_STYLE = Automatic;
				CURRENT_PROJECT_VERSION = 1;
				DEVELOPMENT_ASSET_PATHS = "\"Tennis_TV/Preview Content\"";
				ENABLE_PREVIEWS = YES;
				GENERATE_INFOPLIST_FILE = YES;
				INFOPLIST_KEY_UIApplicationSceneManifest_Generation = YES;
				INFOPLIST_KEY_UIApplicationSupportsIndirectInputEvents = YES;
				INFOPLIST_KEY_UILaunchScreen_Generation = YES;
				INFOPLIST_KEY_UISupportedInterfaceOrientations_iPad = "UIInterfaceOrientationPortrait UIInterfaceOrientationPortraitUpsideDown UIInterfaceOrientationLandscapeLeft UIInterfaceOrientationLandscapeRight";
				INFOPLIST_KEY_UISupportedInterfaceOrientations_iPhone = "UIInterfaceOrientationPortrait UIInterfaceOrientationLandscapeLeft UIInterfaceOrientationLandscapeRight";
				LD_RUNPATH_SEARCH_PATHS = (
					"$(inherited)",
					"@executable_path/Frameworks",
				);
				MARKETING_VERSION = 1.0;
				PRODUCT_BUNDLE_IDENTIFIER = "com.nkc.com.Tennis-TV";
				PRODUCT_NAME = "$(TARGET_NAME)";
				SWIFT_EMIT_LOC_STRINGS = YES;
				SWIFT_VERSION = 5.0;
				TARGETED_DEVICE_FAMILY = "1,2";
			};
			name = Release;
		};
		3A7459F22A648BCB00189F1E /* Debug */ = {
			isa = XCBuildConfiguration;
			buildSettings = {
				ALWAYS_EMBED_SWIFT_STANDARD_LIBRARIES = YES;
				BUNDLE_LOADER = "$(TEST_HOST)";
				CODE_SIGN_STYLE = Automatic;
				CURRENT_PROJECT_VERSION = 1;
				GENERATE_INFOPLIST_FILE = YES;
				IPHONEOS_DEPLOYMENT_TARGET = 15.5;
				MARKETING_VERSION = 1.0;
				PRODUCT_BUNDLE_IDENTIFIER = "com.nkc.com.Tennis-TVTests";
				PRODUCT_NAME = "$(TARGET_NAME)";
				SWIFT_EMIT_LOC_STRINGS = NO;
				SWIFT_VERSION = 5.0;
				TARGETED_DEVICE_FAMILY = "1,2";
				TEST_HOST = "$(BUILT_PRODUCTS_DIR)/Tennis_TV.app/Tennis_TV";
			};
			name = Debug;
		};
		3A7459F32A648BCB00189F1E /* Release */ = {
			isa = XCBuildConfiguration;
			buildSettings = {
				ALWAYS_EMBED_SWIFT_STANDARD_LIBRARIES = YES;
				BUNDLE_LOADER = "$(TEST_HOST)";
				CODE_SIGN_STYLE = Automatic;
				CURRENT_PROJECT_VERSION = 1;
				GENERATE_INFOPLIST_FILE = YES;
				IPHONEOS_DEPLOYMENT_TARGET = 15.5;
				MARKETING_VERSION = 1.0;
				PRODUCT_BUNDLE_IDENTIFIER = "com.nkc.com.Tennis-TVTests";
				PRODUCT_NAME = "$(TARGET_NAME)";
				SWIFT_EMIT_LOC_STRINGS = NO;
				SWIFT_VERSION = 5.0;
				TARGETED_DEVICE_FAMILY = "1,2";
				TEST_HOST = "$(BUILT_PRODUCTS_DIR)/Tennis_TV.app/Tennis_TV";
			};
			name = Release;
		};
		3A7459F52A648BCB00189F1E /* Debug */ = {
			isa = XCBuildConfiguration;
			buildSettings = {
				ALWAYS_EMBED_SWIFT_STANDARD_LIBRARIES = YES;
				CODE_SIGN_STYLE = Automatic;
				CURRENT_PROJECT_VERSION = 1;
				GENERATE_INFOPLIST_FILE = YES;
				MARKETING_VERSION = 1.0;
				PRODUCT_BUNDLE_IDENTIFIER = "com.nkc.com.Tennis-TVUITests";
				PRODUCT_NAME = "$(TARGET_NAME)";
				SWIFT_EMIT_LOC_STRINGS = NO;
				SWIFT_VERSION = 5.0;
				TARGETED_DEVICE_FAMILY = "1,2";
				TEST_TARGET_NAME = Tennis_TV;
			};
			name = Debug;
		};
		3A7459F62A648BCB00189F1E /* Release */ = {
			isa = XCBuildConfiguration;
			buildSettings = {
				ALWAYS_EMBED_SWIFT_STANDARD_LIBRARIES = YES;
				CODE_SIGN_STYLE = Automatic;
				CURRENT_PROJECT_VERSION = 1;
				GENERATE_INFOPLIST_FILE = YES;
				MARKETING_VERSION = 1.0;
				PRODUCT_BUNDLE_IDENTIFIER = "com.nkc.com.Tennis-TVUITests";
				PRODUCT_NAME = "$(TARGET_NAME)";
				SWIFT_EMIT_LOC_STRINGS = NO;
				SWIFT_VERSION = 5.0;
				TARGETED_DEVICE_FAMILY = "1,2";
				TEST_TARGET_NAME = Tennis_TV;
			};
			name = Release;
		};
/* End XCBuildConfiguration section */

/* Begin XCConfigurationList section */
		3A7459C52A648BC900189F1E /* Build configuration list for PBXProject "Tennis_TV" */ = {
			isa = XCConfigurationList;
			buildConfigurations = (
				3A7459EC2A648BCB00189F1E /* Debug */,
				3A7459ED2A648BCB00189F1E /* Release */,
			);
			defaultConfigurationIsVisible = 0;
			defaultConfigurationName = Release;
		};
		3A7459EE2A648BCB00189F1E /* Build configuration list for PBXNativeTarget "Tennis_TV" */ = {
			isa = XCConfigurationList;
			buildConfigurations = (
				3A7459EF2A648BCB00189F1E /* Debug */,
				3A7459F02A648BCB00189F1E /* Release */,
			);
			defaultConfigurationIsVisible = 0;
			defaultConfigurationName = Release;
		};
		3A7459F12A648BCB00189F1E /* Build configuration list for PBXNativeTarget "Tennis_TVTests" */ = {
			isa = XCConfigurationList;
			buildConfigurations = (
				3A7459F22A648BCB00189F1E /* Debug */,
				3A7459F32A648BCB00189F1E /* Release */,
			);
			defaultConfigurationIsVisible = 0;
			defaultConfigurationName = Release;
		};
		3A7459F42A648BCB00189F1E /* Build configuration list for PBXNativeTarget "Tennis_TVUITests" */ = {
			isa = XCConfigurationList;
			buildConfigurations = (
				3A7459F52A648BCB00189F1E /* Debug */,
				3A7459F62A648BCB00189F1E /* Release */,
			);
			defaultConfigurationIsVisible = 0;
			defaultConfigurationName = Release;
		};
/* End XCConfigurationList section */
	};
	rootObject = 3A7459C22A648BC900189F1E /* Project object */;
}
